
Microsoft Visual Studio Solution File, Format Version 12.00
Project("{FAE04EC0-301F-11D3-BF4B-00C04F79EFBC}") = "ECommerce.API", "ECommerce.API\ECommerce.API.csproj", "{C999FF03-F7CE-499E-ABDB-6A6288539B38}"
EndProject
Project("{FAE04EC0-301F-11D3-BF4B-00C04F79EFBC}") = "ECommerce.Domain", "ECommerce.Domain\ECommerce.Domain.csproj", "{2089BE20-4F27-40AA-B7F5-AB325ED3899B}"
EndProject
Project("{FAE04EC0-301F-11D3-BF4B-00C04F79EFBC}") = "ECommerce.Application", "ECommerce.Application\ECommerce.Application.csproj", "{476F8833-C805-4E8D-A58F-7A93758A7FEA}"
EndProject
Project("{FAE04EC0-301F-11D3-BF4B-00C04F79EFBC}") = "ECommerce.Infrastructure", "ECommerce.Infrastructure\ECommerce.Infrastructure.csproj", "{60D6F797-BD4C-4242-A8AA-2D70AAC842C8}"
EndProject
Project("{FAE04EC0-301F-11D3-BF4B-00C04F79EFBC}") = "ECommerce.Contracts", "ECommerce.Contracts\ECommerce.Contracts.csproj", "{A35B3201-D54A-4299-B568-705BF9418281}"
EndProject
Global
	GlobalSection(SolutionConfigurationPlatforms) = preSolution
		Debug|Any CPU = Debug|Any CPU
		Release|Any CPU = Release|Any CPU
	EndGlobalSection
	GlobalSection(ProjectConfigurationPlatforms) = postSolution
		{C999FF03-F7CE-499E-ABDB-6A6288539B38}.Debug|Any CPU.ActiveCfg = Debug|Any CPU
		{C999FF03-F7CE-499E-ABDB-6A6288539B38}.Debug|Any CPU.Build.0 = Debug|Any CPU
		{C999FF03-F7CE-499E-ABDB-6A6288539B38}.Release|Any CPU.ActiveCfg = Release|Any CPU
		{C999FF03-F7CE-499E-ABDB-6A6288539B38}.Release|Any CPU.Build.0 = Release|Any CPU
		{2089BE20-4F27-40AA-B7F5-AB325ED3899B}.Debug|Any CPU.ActiveCfg = Debug|Any CPU
		{2089BE20-4F27-40AA-B7F5-AB325ED3899B}.Debug|Any CPU.Build.0 = Debug|Any CPU
		{2089BE20-4F27-40AA-B7F5-AB325ED3899B}.Release|Any CPU.ActiveCfg = Release|Any CPU
		{2089BE20-4F27-40AA-B7F5-AB325ED3899B}.Release|Any CPU.Build.0 = Release|Any CPU
		{476F8833-C805-4E8D-A58F-7A93758A7FEA}.Debug|Any CPU.ActiveCfg = Debug|Any CPU
		{476F8833-C805-4E8D-A58F-7A93758A7FEA}.Debug|Any CPU.Build.0 = Debug|Any CPU
		{476F8833-C805-4E8D-A58F-7A93758A7FEA}.Release|Any CPU.ActiveCfg = Release|Any CPU
		{476F8833-C805-4E8D-A58F-7A93758A7FEA}.Release|Any CPU.Build.0 = Release|Any CPU
		{60D6F797-BD4C-4242-A8AA-2D70AAC842C8}.Debug|Any CPU.ActiveCfg = Debug|Any CPU
		{60D6F797-BD4C-4242-A8AA-2D70AAC842C8}.Debug|Any CPU.Build.0 = Debug|Any CPU
		{60D6F797-BD4C-4242-A8AA-2D70AAC842C8}.Release|Any CPU.ActiveCfg = Release|Any CPU
		{60D6F797-BD4C-4242-A8AA-2D70AAC842C8}.Release|Any CPU.Build.0 = Release|Any CPU
		{A35B3201-D54A-4299-B568-705BF9418281}.Debug|Any CPU.ActiveCfg = Debug|Any CPU
		{A35B3201-D54A-4299-B568-705BF9418281}.Debug|Any CPU.Build.0 = Debug|Any CPU
		{A35B3201-D54A-4299-B568-705BF9418281}.Release|Any CPU.ActiveCfg = Release|Any CPU
		{A35B3201-D54A-4299-B568-705BF9418281}.Release|Any CPU.Build.0 = Release|Any CPU
	EndGlobalSection
EndGlobal
